
Microsoft Visual Studio Solution File, Format Version 12.00
# Visual Studio 2012
Project("{FAE04EC0-301F-11D3-BF4B-00C04F79EFBC}") = "PsyTrance.PresentationLayer", "PsyTrance.PresentationLayer\PsyTrance.PresentationLayer.csproj", "{1951E3FF-CE72-4E22-AA40-5DC882F58824}"
EndProject
Project("{FAE04EC0-301F-11D3-BF4B-00C04F79EFBC}") = "PsyTrance.BusinessLayer", "PsyTrance.BusinessLayer\PsyTrance.BusinessLayer.csproj", "{C855FB1E-6550-4E22-BE97-2DE58A709DA1}"
EndProject
Project("{FAE04EC0-301F-11D3-BF4B-00C04F79EFBC}") = "PsyTrance.DataLayer", "PsyTrance.DataLayer\PsyTrance.DataLayer.csproj", "{AC30A18E-703C-470D-ABAD-5C11561399D3}"
EndProject
Project("{FAE04EC0-301F-11D3-BF4B-00C04F79EFBC}") = "PsyTrance.ServiceLayer", "PsyTrance.ServiceLayer\PsyTrance.ServiceLayer.csproj", "{D013A9A3-2DA5-4F97-9FA1-8AE4E07E3524}"
EndProject
Project("{2150E333-8FDC-42A3-9474-1A3956D46DE8}") = ".nuget", ".nuget", "{B152EF2B-8E7C-4649-A539-C107C04D4558}"
	ProjectSection(SolutionItems) = preProject
		.nuget\NuGet.Config = .nuget\NuGet.Config
		.nuget\NuGet.exe = .nuget\NuGet.exe
		.nuget\NuGet.targets = .nuget\NuGet.targets
	EndProjectSection
EndProject
Global
	GlobalSection(SolutionConfigurationPlatforms) = preSolution
		Debug|Any CPU = Debug|Any CPU
		Release|Any CPU = Release|Any CPU
	EndGlobalSection
	GlobalSection(ProjectConfigurationPlatforms) = postSolution
		{1951E3FF-CE72-4E22-AA40-5DC882F58824}.Debug|Any CPU.ActiveCfg = Debug|Any CPU
		{1951E3FF-CE72-4E22-AA40-5DC882F58824}.Debug|Any CPU.Build.0 = Debug|Any CPU
		{1951E3FF-CE72-4E22-AA40-5DC882F58824}.Release|Any CPU.ActiveCfg = Release|Any CPU
		{1951E3FF-CE72-4E22-AA40-5DC882F58824}.Release|Any CPU.Build.0 = Release|Any CPU
		{C855FB1E-6550-4E22-BE97-2DE58A709DA1}.Debug|Any CPU.ActiveCfg = Debug|Any CPU
		{C855FB1E-6550-4E22-BE97-2DE58A709DA1}.Debug|Any CPU.Build.0 = Debug|Any CPU
		{C855FB1E-6550-4E22-BE97-2DE58A709DA1}.Release|Any CPU.ActiveCfg = Release|Any CPU
		{C855FB1E-6550-4E22-BE97-2DE58A709DA1}.Release|Any CPU.Build.0 = Release|Any CPU
		{AC30A18E-703C-470D-ABAD-5C11561399D3}.Debug|Any CPU.ActiveCfg = Debug|Any CPU
		{AC30A18E-703C-470D-ABAD-5C11561399D3}.Debug|Any CPU.Build.0 = Debug|Any CPU
		{AC30A18E-703C-470D-ABAD-5C11561399D3}.Release|Any CPU.ActiveCfg = Release|Any CPU
		{AC30A18E-703C-470D-ABAD-5C11561399D3}.Release|Any CPU.Build.0 = Release|Any CPU
		{D013A9A3-2DA5-4F97-9FA1-8AE4E07E3524}.Debug|Any CPU.ActiveCfg = Debug|Any CPU
		{D013A9A3-2DA5-4F97-9FA1-8AE4E07E3524}.Debug|Any CPU.Build.0 = Debug|Any CPU
		{D013A9A3-2DA5-4F97-9FA1-8AE4E07E3524}.Release|Any CPU.ActiveCfg = Release|Any CPU
		{D013A9A3-2DA5-4F97-9FA1-8AE4E07E3524}.Release|Any CPU.Build.0 = Release|Any CPU
	EndGlobalSection
	GlobalSection(SolutionProperties) = preSolution
		HideSolutionNode = FALSE
	EndGlobalSection
EndGlobal
